# This file was autogenerated by Stack.
# You should not edit this file by hand.
# For more information, please see the documentation at:
#   https://docs.haskellstack.org/en/stable/lock_files

packages:
- completed:
    hackage: linear-1.20.9@sha256:6a3eb733cae5a233a026cf6310f6e72418c584a716b8cd66d4d715c1773fce8d,4231
    pantry-tree:
      size: 2209
      sha256: 280951be298634ebf08cb9ec252ad6c00bf658378ac677c04f83c35436841195
  original:
    hackage: linear-1.20.9@sha256:6a3eb733cae5a233a026cf6310f6e72418c584a716b8cd66d4d715c1773fce8d,4231
- completed:
    hackage: vty-5.26@sha256:7b1aeebff12d9c8ad43fe997ee0e29cd651eff2d5a0aeceeb9df2ee68efe9c53,20307
    pantry-tree:
      size: 4868
      sha256: c5ea5bd3e38f2f3ef4a48af6c2a5c4a4ce2e06007ed70e562e74e76101536ea7
  original:
    hackage: vty-5.26@sha256:7b1aeebff12d9c8ad43fe997ee0e29cd651eff2d5a0aeceeb9df2ee68efe9c53,20307
snapshots:
- completed:
    size: 499796
    url: https://raw.githubusercontent.com/commercialhaskell/stackage-snapshots/master/nightly/2020/3/14.yaml
    sha256: 1ba87b2186b3b045df180ab339dd5bfff25509800f5c42e4ac28085ef75ef8c3
  original: nightly-2020-03-14
