# This file was autogenerated by Stack.
# You should not edit this file by hand.
# For more information, please see the documentation at:
#   https://docs.haskellstack.org/en/stable/lock_files

packages: []
snapshots:
- completed:
    size: 554192
    url: https://raw.githubusercontent.com/commercialhaskell/stackage-snapshots/master/nightly/2020/11/22.yaml
    sha256: fd51ee29ff5c7fa83060a2189570e078e59ddaefd4a44f3cf23667b8b903e780
  original: nightly-2020-11-22
